
Microsoft Visual Studio Solution File, Format Version 12.00
# Visual Studio 14
VisualStudioVersion = 14.0.22625.0
MinimumVisualStudioVersion = 10.0.40219.1
Project("{2150E333-8FDC-42A3-9474-1A3956D46DE8}") = "src", "src", "{3AB978C2-456E-4D23-B10F-F132B4C3F5EF}"
EndProject
Project("{2150E333-8FDC-42A3-9474-1A3956D46DE8}") = "Solution Items", "Solution Items", "{27F2CD6E-3B7F-4C98-ACE9-FB3F7FB7F5EA}"
	ProjectSection(SolutionItems) = preProject
		global.json = global.json
	EndProjectSection
EndProject
Project("{8BB2217D-0F2D-49D1-97BC-3654ED321F3B}") = "ClassLibrary29", "src\ClassLibrary29\ClassLibrary29.kproj", "{ED2EFDD3-5B68-4986-9EB1-20D3E555A1A8}"
EndProject
Global
	GlobalSection(SolutionConfigurationPlatforms) = preSolution
		Debug|Any CPU = Debug|Any CPU
		Release|Any CPU = Release|Any CPU
	EndGlobalSection
	GlobalSection(ProjectConfigurationPlatforms) = postSolution
		{ED2EFDD3-5B68-4986-9EB1-20D3E555A1A8}.Debug|Any CPU.ActiveCfg = Debug|Any CPU
		{ED2EFDD3-5B68-4986-9EB1-20D3E555A1A8}.Debug|Any CPU.Build.0 = Debug|Any CPU
		{ED2EFDD3-5B68-4986-9EB1-20D3E555A1A8}.Release|Any CPU.ActiveCfg = Release|Any CPU
		{ED2EFDD3-5B68-4986-9EB1-20D3E555A1A8}.Release|Any CPU.Build.0 = Release|Any CPU
	EndGlobalSection
	GlobalSection(SolutionProperties) = preSolution
		HideSolutionNode = FALSE
	EndGlobalSection
	GlobalSection(NestedProjects) = preSolution
		{ED2EFDD3-5B68-4986-9EB1-20D3E555A1A8} = {3AB978C2-456E-4D23-B10F-F132B4C3F5EF}
	EndGlobalSection
EndGlobal
